
Microsoft Visual Studio Solution File, Format Version 12.00
# Visual Studio Version 16
VisualStudioVersion = 16.0.33027.164
MinimumVisualStudioVersion = 10.0.40219.1
Project("{FAE04EC0-301F-11D3-BF4B-00C04F79EFBC}") = "OrderAPI", "OrderAPI.csproj", "{440BFD81-88ED-4905-9BF6-1C351EA32ABC}"
EndProject
Global
	GlobalSection(SolutionConfigurationPlatforms) = preSolution
		Debug|Any CPU = Debug|Any CPU
		Release|Any CPU = Release|Any CPU
	EndGlobalSection
	GlobalSection(ProjectConfigurationPlatforms) = postSolution
		{440BFD81-88ED-4905-9BF6-1C351EA32ABC}.Debug|Any CPU.ActiveCfg = Debug|Any CPU
		{440BFD81-88ED-4905-9BF6-1C351EA32ABC}.Debug|Any CPU.Build.0 = Debug|Any CPU
		{440BFD81-88ED-4905-9BF6-1C351EA32ABC}.Release|Any CPU.ActiveCfg = Release|Any CPU
		{440BFD81-88ED-4905-9BF6-1C351EA32ABC}.Release|Any CPU.Build.0 = Release|Any CPU
	EndGlobalSection
	GlobalSection(SolutionProperties) = preSolution
		HideSolutionNode = FALSE
	EndGlobalSection
	GlobalSection(ExtensibilityGlobals) = postSolution
		SolutionGuid = {44AD3335-324E-41C4-BB31-C00A4E706977}
	EndGlobalSection
EndGlobal
