
Microsoft Visual Studio Solution File, Format Version 12.00
# Visual Studio Version 16
VisualStudioVersion = 16.0.33027.164
MinimumVisualStudioVersion = 10.0.40219.1
Project("{9A19103F-16F7-4668-BE54-9A1E7A4F7556}") = "GatewayAPI", "GatewayAPI.csproj", "{16803A16-F309-4637-B80C-8F2099AE2CF5}"
EndProject
Global
	GlobalSection(SolutionConfigurationPlatforms) = preSolution
		Debug|Any CPU = Debug|Any CPU
		Release|Any CPU = Release|Any CPU
	EndGlobalSection
	GlobalSection(ProjectConfigurationPlatforms) = postSolution
		{16803A16-F309-4637-B80C-8F2099AE2CF5}.Debug|Any CPU.ActiveCfg = Debug|Any CPU
		{16803A16-F309-4637-B80C-8F2099AE2CF5}.Debug|Any CPU.Build.0 = Debug|Any CPU
		{16803A16-F309-4637-B80C-8F2099AE2CF5}.Release|Any CPU.ActiveCfg = Release|Any CPU
		{16803A16-F309-4637-B80C-8F2099AE2CF5}.Release|Any CPU.Build.0 = Release|Any CPU
	EndGlobalSection
	GlobalSection(SolutionProperties) = preSolution
		HideSolutionNode = FALSE
	EndGlobalSection
	GlobalSection(ExtensibilityGlobals) = postSolution
		SolutionGuid = {CD11813E-014F-4B46-A4C6-75004A3BC9CD}
	EndGlobalSection
EndGlobal
